<?xml version="1.0" encoding="utf-8"?>
<Project ToolsVersion="4.0" xmlns="http://schemas.microsoft.com/developer/msbuild/2003">
  <ItemGroup>
    <Filter Include="Source Files">
      <UniqueIdentifier>{4FC737F1-C7A5-4376-A066-2A32D752A2FF}</UniqueIdentifier>
      <Extensions>cpp;c;cc;cxx;def;odl;idl;hpj;bat;asm;asmx</Extensions>
    </Filter>
    <Filter Include="Header Files">
      <UniqueIdentifier>{93995380-89BD-4b04-88EB-625FBE52EBFB}</UniqueIdentifier>
      <Extensions>h;hpp;hxx;hm;inl;inc;xsd</Extensions>
    </Filter>
    <Filter Include="Resource Files">
      <UniqueIdentifier>{67DA6AB6-F800-4c08-8B7A-83BB121AAD01}</UniqueIdentifier>
      <Extensions>rc;ico;cur;bmp;dlg;rc2;rct;bin;rgs;gif;jpg;jpeg;jpe;resx;tiff;tif;png;wav;mfcribbon-ms</Extensions>
    </Filter>
    <Filter Include="Source Files\double-conversion">
      <UniqueIdentifier>{811c8e14-634a-40e8-8fb3-dbfae1546a80}</UniqueIdentifier>
    </Filter>
  </ItemGroup>
  <ItemGroup>
    <Text Include="ReadMe.txt" />
  </ItemGroup>
  <ItemGroup>
    <ClCompile Include="..\..\..\double-conversion\src\bignum.cc">
      <Filter>Source Files\double-conversion</Filter>
    </ClCompile>
    <ClCompile Include="..\..\..\double-conversion\src\bignum-dtoa.cc">
      <Filter>Source Files\double-conversion</Filter>
    </ClCompile>
    <ClCompile Include="..\..\..\double-conversion\src\cached-powers.cc">
      <Filter>Source Files\double-conversion</Filter>
    </ClCompile>
    <ClCompile Include="..\..\..\double-conversion\src\diy-fp.cc">
      <Filter>Source Files\double-conversion</Filter>
    </ClCompile>
    <ClCompile Include="..\..\..\double-conversion\src\double-conversion.cc">
      <Filter>Source Files\double-conversion</Filter>
    </ClCompile>
    <ClCompile Include="..\..\..\double-conversion\src\fast-dtoa.cc">
      <Filter>Source Files\double-conversion</Filter>
    </ClCompile>
    <ClCompile Include="..\..\..\double-conversion\src\fixed-dtoa.cc">
      <Filter>Source Files\double-conversion</Filter>
    </ClCompile>
    <ClCompile Include="..\..\..\double-conversion\src\strtod.cc">
      <Filter>Source Files\double-conversion</Filter>
    </ClCompile>
    <ClCompile Include="..\..\..\folly\Conv.cpp">
      <Filter>Source Files</Filter>
    </ClCompile>
    <ClCompile Include="..\..\..\folly\dynamic.cpp">
      <Filter>Source Files</Filter>
    </ClCompile>
    <ClCompile Include="..\..\..\folly\Format.cpp">
      <Filter>Source Files</Filter>
    </ClCompile>
    <ClCompile Include="..\..\..\folly\json.cpp">
      <Filter>Source Files</Filter>
    </ClCompile>
    <ClCompile Include="..\..\..\folly\Malloc.cpp">
      <Filter>Source Files</Filter>
    </ClCompile>
    <ClCompile Include="..\..\..\folly\Range.cpp">
      <Filter>Source Files</Filter>
    </ClCompile>
    <ClCompile Include="..\..\..\folly\String.cpp">
      <Filter>Source Files</Filter>
    </ClCompile>
    <ClCompile Include="..\..\..\folly\Unicode.cpp">
      <Filter>Source Files</Filter>
    </ClCompile>
    <ClCompile Include="..\..\..\folly\build\EscapeTables.cpp">
      <Filter>Source Files</Filter>
    </ClCompile>
    <ClCompile Include="..\..\..\folly\build\FormatTables.cpp">
      <Filter>Source Files</Filter>
    </ClCompile>
    <ClCompile Include="..\..\..\folly\build\GroupVarintTables.cpp">
      <Filter>Source Files</Filter>
    </ClCompile>
  </ItemGroup>
</Project>