
Microsoft Visual Studio Solution File, Format Version 12.00
# Visual Studio 2012
Project("{8BC9CEB8-8B4A-11D0-8D11-00A0C91BC942}") = "follyvc11lib", "follyvc11lib\follyvc11lib.vcxproj", "{8CE83679-8C33-4A6A-BC41-B3CFFE639D48}"
EndProject
Project("{8BC9CEB8-8B4A-11D0-8D11-00A0C91BC942}") = "Test", "Test\Test.vcxproj", "{198BC622-2EBA-4200-A1A2-2ABBEB018938}"
EndProject
Global
	GlobalSection(SolutionConfigurationPlatforms) = preSolution
		Debug|Win32 = Debug|Win32
		Release|Win32 = Release|Win32
	EndGlobalSection
	GlobalSection(ProjectConfigurationPlatforms) = postSolution
		{198BC622-2EBA-4200-A1A2-2ABBEB018938}.Debug|Win32.ActiveCfg = Debug|Win32
		{198BC622-2EBA-4200-A1A2-2ABBEB018938}.Debug|Win32.Build.0 = Debug|Win32
		{198BC622-2EBA-4200-A1A2-2ABBEB018938}.Release|Win32.ActiveCfg = Release|Win32
		{198BC622-2EBA-4200-A1A2-2ABBEB018938}.Release|Win32.Build.0 = Release|Win32
		{8CE83679-8C33-4A6A-BC41-B3CFFE639D48}.Debug|Win32.ActiveCfg = Debug|Win32
		{8CE83679-8C33-4A6A-BC41-B3CFFE639D48}.Debug|Win32.Build.0 = Debug|Win32
		{8CE83679-8C33-4A6A-BC41-B3CFFE639D48}.Release|Win32.ActiveCfg = Release|Win32
		{8CE83679-8C33-4A6A-BC41-B3CFFE639D48}.Release|Win32.Build.0 = Release|Win32
	EndGlobalSection
	GlobalSection(SolutionProperties) = preSolution
		HideSolutionNode = FALSE
	EndGlobalSection
EndGlobal
